{
    "name": "datatables.net-responsive-bs5",
    "version": "3.0.0",
    "lockfileVersion": 3,
    "requires": true,
    "packages": {
        "": {
            "name": "datatables.net-responsive-bs5",
            "version": "3.0.0",
            "license": "MIT",
            "dependencies": {
                "datatables.net-bs5": ">=2.0.0",
                "datatables.net-responsive": "3.0.0",
                "jquery": ">=1.7"
            }
        },
        "node_modules/datatables.net": {
            "version": "2.2.2",
            "resolved": "https://registry.npmjs.org/datatables.net/-/datatables.net-2.2.2.tgz",
            "integrity": "sha512-gfODIKE3gpgbVeZy2QGj2Dq9roO6hy00S+k1knklrqlMyAMrh1wt0Q6ryBUM7gU96U77ysbq8dYhxFdmcC/oPQ==",
            "dependencies": {
                "jquery": ">=1.7"
            }
        },
        "node_modules/datatables.net-bs5": {
            "version": "2.2.2",
            "resolved": "https://registry.npmjs.org/datatables.net-bs5/-/datatables.net-bs5-2.2.2.tgz",
            "integrity": "sha512-0mAbpUf0EpnIEc0RlN6vSrSk9y/+NuReiwDpjHYY3RfzdvH6Lt0+7Q9OU5RIbYxaFxES/z60thxdrw7IUFnBhw==",
            "dependencies": {
                "datatables.net": "2.2.2",
                "jquery": ">=1.7"
            }
        },
        "node_modules/datatables.net-responsive": {
            "version": "3.0.0",
            "resolved": "https://registry.npmjs.org/datatables.net-responsive/-/datatables.net-responsive-3.0.0.tgz",
            "integrity": "sha512-6O+hZREfZ6bj86bEFOVYH76OgqETX7t0EsfKWwKuo8gpYe50SE9QPcy7DKsuO1swqluwS+442QIVsLfIXoBnNg==",
            "dependencies": {
                "datatables.net": ">=2.0.0",
                "jquery": ">=1.7"
            }
        },
        "node_modules/jquery": {
            "version": "3.7.1",
            "resolved": "https://registry.npmjs.org/jquery/-/jquery-3.7.1.tgz",
            "integrity": "sha512-m4avr8yL8kmFN8psrbFFFmB/If14iN5o9nw/NgnnM+kybDJpRsAynV2BsfpTYrTRysYUdADVD7CkUUizgkpLfg=="
        }
    }
}
