{
    "name": "datatables.net-rowgroup-bs5",
    "version": "1.5.0",
    "lockfileVersion": 3,
    "requires": true,
    "packages": {
        "": {
            "name": "datatables.net-rowgroup-bs5",
            "version": "1.5.0",
            "license": "MIT",
            "dependencies": {
                "datatables.net-bs5": ">=1.11.0",
                "datatables.net-rowgroup": "1.5.0",
                "jquery": ">=1.7"
            }
        },
        "node_modules/datatables.net": {
            "version": "2.2.2",
            "resolved": "https://registry.npmjs.org/datatables.net/-/datatables.net-2.2.2.tgz",
            "integrity": "sha512-gfODIKE3gpgbVeZy2QGj2Dq9roO6hy00S+k1knklrqlMyAMrh1wt0Q6ryBUM7gU96U77ysbq8dYhxFdmcC/oPQ==",
            "dependencies": {
                "jquery": ">=1.7"
            }
        },
        "node_modules/datatables.net-bs5": {
            "version": "2.2.2",
            "resolved": "https://registry.npmjs.org/datatables.net-bs5/-/datatables.net-bs5-2.2.2.tgz",
            "integrity": "sha512-0mAbpUf0EpnIEc0RlN6vSrSk9y/+NuReiwDpjHYY3RfzdvH6Lt0+7Q9OU5RIbYxaFxES/z60thxdrw7IUFnBhw==",
            "dependencies": {
                "datatables.net": "2.2.2",
                "jquery": ">=1.7"
            }
        },
        "node_modules/datatables.net-rowgroup": {
            "version": "1.5.0",
            "resolved": "https://registry.npmjs.org/datatables.net-rowgroup/-/datatables.net-rowgroup-1.5.0.tgz",
            "integrity": "sha512-V/CLJu7rMjxwfhZAv59emZOPw58cwnYmd8NXTTJSnqBDgOZsaC9mtVo0ejBpdqvNw5WmMPy3AJceH+ay6JQ3hA==",
            "dependencies": {
                "datatables.net": ">=1.11.0",
                "jquery": ">=1.7"
            }
        },
        "node_modules/jquery": {
            "version": "3.7.1",
            "resolved": "https://registry.npmjs.org/jquery/-/jquery-3.7.1.tgz",
            "integrity": "sha512-m4avr8yL8kmFN8psrbFFFmB/If14iN5o9nw/NgnnM+kybDJpRsAynV2BsfpTYrTRysYUdADVD7CkUUizgkpLfg=="
        }
    }
}
